{
    "_readme": [
        "This file locks the dependencies of your project to a known state",
        "Read more about it at https://getcomposer.org/doc/01-basic-usage.md#installing-dependencies",
        "This file is @generated automatically"
    ],
    "content-hash": "22ba4f660a94a36a0cadfdcbb50b336e",
    "packages": [
        {
            "name": "medusa/filesystem",
            "version": "0.9.1",
            "source": {
                "type": "git",
                "url": "https://github.com/medusaphp/filesystem.git",
                "reference": "d0006d1b56ceda30af3fe52a27598e26c058c630"
            },
            "dist": {
                "type": "zip",
                "url": "https://api.github.com/repos/medusaphp/filesystem/zipball/d0006d1b56ceda30af3fe52a27598e26c058c630",
                "reference": "d0006d1b56ceda30af3fe52a27598e26c058c630",
                "shasum": ""
            },
            "require": {
                "ext-json": "*"
            },
            "require-dev": {
                "medusa/dev-tools": "*",
                "phpunit/phpunit": "^8.3"
            },
            "type": "library",
            "autoload": {
                "psr-4": {
                    "Medusa\\FileSystem\\": "src"
                }
            },
            "notification-url": "https://packagist.org/downloads/",
            "license": [
                "MIT"
            ],
            "authors": [
                {
                    "name": "Pascal Schnell",
                    "email": "pascal.schnell@getmedusa.org"
                },
                {
                    "name": "Anton Zoffmann",
                    "email": "anton.zoffmann@getmedusa.org"
                }
            ],
            "description": "File and directory abstraction layer",
            "support": {
                "issues": "https://github.com/medusaphp/filesystem/issues",
                "source": "https://github.com/medusaphp/filesystem/tree/0.9.1"
            },
            "time": "2021-05-06T14:18:42+00:00"
        },
        {
            "name": "medusa/functions",
            "version": "1.4.0",
            "source": {
                "type": "git",
                "url": "https://github.com/medusaphp/functions.git",
                "reference": "41846592d75b10073fab41639a3a68cf876d6d17"
            },
            "dist": {
                "type": "zip",
                "url": "https://api.github.com/repos/medusaphp/functions/zipball/41846592d75b10073fab41639a3a68cf876d6d17",
                "reference": "41846592d75b10073fab41639a3a68cf876d6d17",
                "shasum": ""
            },
            "require": {
                "php": ">=7.4"
            },
            "type": "library",
            "autoload": {
                "files": [
                    "src/http_functions.php",
                    "src/common_functions.php",
                    "src/array_functions.php"
                ]
            },
            "notification-url": "https://packagist.org/downloads/",
            "license": [
                "MIT"
            ],
            "authors": [
                {
                    "name": "Pascal Schnell",
                    "email": "pascal.schnell@getmedusa.org"
                }
            ],
            "description": "functions",
            "support": {
                "issues": "https://github.com/medusaphp/functions/issues",
                "source": "https://github.com/medusaphp/functions/tree/1.4.0"
            },
            "time": "2021-06-19T22:59:10+00:00"
        },
        {
            "name": "medusa/http-simple",
            "version": "0.0.16",
            "source": {
                "type": "git",
                "url": "https://github.com/medusaphp/http-simple.git",
                "reference": "43fcb71506f533342e60fe91e4146bd58fe5a419"
            },
            "dist": {
                "type": "zip",
                "url": "https://api.github.com/repos/medusaphp/http-simple/zipball/43fcb71506f533342e60fe91e4146bd58fe5a419",
                "reference": "43fcb71506f533342e60fe91e4146bd58fe5a419",
                "shasum": ""
            },
            "require": {
                "ext-json": "*",
                "medusa/functions": "^1.0",
                "php": ">=8.0"
            },
            "require-dev": {
                "medusa/dev-tools": "^1.0"
            },
            "type": "library",
            "autoload": {
                "psr-4": {
                    "Medusa\\Http\\Simple\\": "src"
                }
            },
            "notification-url": "https://packagist.org/downloads/",
            "license": [
                "MIT"
            ],
            "authors": [
                {
                    "name": "Pascal Schnell",
                    "email": "pascal.schnell@getmedusa.org"
                }
            ],
            "support": {
                "issues": "https://github.com/medusaphp/http-simple/issues",
                "source": "https://github.com/medusaphp/http-simple/tree/0.0.16"
            },
            "time": "2021-08-18T07:14:53+00:00"
        }
    ],
    "packages-dev": [
        {
            "name": "medusa/dev-tools",
            "version": "1.0.9",
            "source": {
                "type": "git",
                "url": "https://github.com/medusaphp/dev-tools.git",
                "reference": "109c2d1b5495fdd660587447b8b327cf1227f69a"
            },
            "dist": {
                "type": "zip",
                "url": "https://api.github.com/repos/medusaphp/dev-tools/zipball/109c2d1b5495fdd660587447b8b327cf1227f69a",
                "reference": "109c2d1b5495fdd660587447b8b327cf1227f69a",
                "shasum": ""
            },
            "require": {
                "php": ">=7.4"
            },
            "type": "library",
            "autoload": {
                "files": [
                    "src/functions.php"
                ]
            },
            "notification-url": "https://packagist.org/downloads/",
            "license": [
                "MIT"
            ],
            "authors": [
                {
                    "name": "Pascal Schnell",
                    "email": "pascal.schnell@getmedusa.org"
                }
            ],
            "description": "Helper functions for debugging",
            "support": {
                "issues": "https://github.com/medusaphp/dev-tools/issues",
                "source": "https://github.com/medusaphp/dev-tools/tree/1.0.9"
            },
            "time": "2021-06-20T11:08:05+00:00"
        },
        {
            "name": "medusa/dev-tools-alias",
            "version": "1.0.2",
            "source": {
                "type": "git",
                "url": "https://github.com/medusaphp/dev-tools-alias.git",
                "reference": "1a460fd9ffff792b26f6bc5e4988648534820de7"
            },
            "dist": {
                "type": "zip",
                "url": "https://api.github.com/repos/medusaphp/dev-tools-alias/zipball/1a460fd9ffff792b26f6bc5e4988648534820de7",
                "reference": "1a460fd9ffff792b26f6bc5e4988648534820de7",
                "shasum": ""
            },
            "require": {
                "medusa/dev-tools": "*",
                "php": ">=7.4"
            },
            "type": "library",
            "autoload": {
                "files": [
                    "src/functions.php"
                ]
            },
            "notification-url": "https://packagist.org/downloads/",
            "license": [
                "MIT"
            ],
            "authors": [
                {
                    "name": "Pascal Schnell",
                    "email": "pascal.schnell@getmedusa.org"
                }
            ],
            "description": "Helper functions for debugging (shortcuts)",
            "support": {
                "issues": "https://github.com/medusaphp/dev-tools-alias/issues",
                "source": "https://github.com/medusaphp/dev-tools-alias/tree/1.0.2"
            },
            "time": "2021-06-20T11:09:29+00:00"
        }
    ],
    "aliases": [],
    "minimum-stability": "stable",
    "stability-flags": [],
    "prefer-stable": false,
    "prefer-lowest": false,
    "platform": {
        "php": ">=8.0",
        "ext-igbinary": "*",
        "ext-curl": "*",
        "ext-mysqli": "*",
        "ext-mbstring": "*",
        "ext-openssl": "*"
    },
    "platform-dev": [],
    "plugin-api-version": "2.1.0"
}
